// !$*UTF8*$!
{
	archiveVersion = 1;
	classes = {
	};
	objectVersion = 46;
	objects = {

/* Begin PBXBuildFile section */
		A965AD351C370A7F004DF24F /* PDFTableVC.swift in Sources */ = {isa = PBXBuildFile; fileRef = A965AD341C370A7F004DF24F /* PDFTableVC.swift */; };
		A965AD3B1C372F99004DF24F /* globalSettings.swift in Sources */ = {isa = PBXBuildFile; fileRef = A965AD3A1C372F99004DF24F /* globalSettings.swift */; };
		A965AD3D1C373B0E004DF24F /* PDFDetailViewController.swift in Sources */ = {isa = PBXBuildFile; fileRef = A965AD3C1C373B0E004DF24F /* PDFDetailViewController.swift */; };
		A965AD3F1C373B83004DF24F /* ligne9.pdf in Resources */ = {isa = PBXBuildFile; fileRef = A965AD3E1C373B83004DF24F /* ligne9.pdf */; };
		A9779D851C1C7F5A00A40E13 /* CenturyGothic.ttf in Resources */ = {isa = PBXBuildFile; fileRef = A9779D831C1C7D3000A40E13 /* CenturyGothic.ttf */; };
		A9BFFB781C31BD9A005AD814 /* AppDelegate.swift in Sources */ = {isa = PBXBuildFile; fileRef = A9F623D81C19E3790018BA32 /* AppDelegate.swift */; };
		A9BFFB791C31BD9A005AD814 /* accueilVC.swift in Sources */ = {isa = PBXBuildFile; fileRef = A9F623DA1C19E3790018BA32 /* accueilVC.swift */; };
		A9BFFB7A1C31BD9A005AD814 /* arretsVC.swift in Sources */ = {isa = PBXBuildFile; fileRef = A9779D741C1C627400A40E13 /* arretsVC.swift */; };
		A9BFFB7B1C31BD9A005AD814 /* arretsTableVC.swift in Sources */ = {isa = PBXBuildFile; fileRef = A9DF678C1C3191860071D001 /* arretsTableVC.swift */; };
		A9BFFB7C1C31BD9A005AD814 /* BackTableVC.swift in Sources */ = {isa = PBXBuildFile; fileRef = A9F624331C1A03790018BA32 /* BackTableVC.swift */; };
		A9BFFB891C31C2A6005AD814 /* SWRevealViewController.m in Sources */ = {isa = PBXBuildFile; fileRef = A9BFFB881C31C2A6005AD814 /* SWRevealViewController.m */; };
		A9F0204D1C38669900257D8E /* .gitignore in Resources */ = {isa = PBXBuildFile; fileRef = A9F0204C1C38669900257D8E /* .gitignore */; };
		A9F623DE1C19E3790018BA32 /* Main.storyboard in Resources */ = {isa = PBXBuildFile; fileRef = A9F623DC1C19E3790018BA32 /* Main.storyboard */; };
		A9F623E01C19E3790018BA32 /* Assets.xcassets in Resources */ = {isa = PBXBuildFile; fileRef = A9F623DF1C19E3790018BA32 /* Assets.xcassets */; };
		A9F623E31C19E3790018BA32 /* LaunchScreen.storyboard in Resources */ = {isa = PBXBuildFile; fileRef = A9F623E11C19E3790018BA32 /* LaunchScreen.storyboard */; };
		E03F8AFE1C3736EB0044BCDD /* enums.swift in Sources */ = {isa = PBXBuildFile; fileRef = E03F8AFD1C3736EB0044BCDD /* enums.swift */; };
		E0EAED111C31DD4000D80BFE /* IOAPI.swift in Sources */ = {isa = PBXBuildFile; fileRef = E0EAED101C31DD4000D80BFE /* IOAPI.swift */; };
		E0EAED131C31DF3900D80BFE /* structs.swift in Sources */ = {isa = PBXBuildFile; fileRef = E0EAED121C31DF3900D80BFE /* structs.swift */; };
		E0EAED151C31E3CA00D80BFE /* NetReader.swift in Sources */ = {isa = PBXBuildFile; fileRef = E0EAED141C31E3CA00D80BFE /* NetReader.swift */; };
		E0EAED171C31E3DB00D80BFE /* JSONReader.swift in Sources */ = {isa = PBXBuildFile; fileRef = E0EAED161C31E3DB00D80BFE /* JSONReader.swift */; };
		E0EAED191C31E68B00D80BFE /* antibes.json in Resources */ = {isa = PBXBuildFile; fileRef = E0EAED181C31E68B00D80BFE /* antibes.json */; };
/* End PBXBuildFile section */

/* Begin PBXFileReference section */
		A965AD341C370A7F004DF24F /* PDFTableVC.swift */ = {isa = PBXFileReference; fileEncoding = 4; lastKnownFileType = sourcecode.swift; path = PDFTableVC.swift; sourceTree = "<group>"; };
		A965AD3A1C372F99004DF24F /* globalSettings.swift */ = {isa = PBXFileReference; fileEncoding = 4; lastKnownFileType = sourcecode.swift; path = globalSettings.swift; sourceTree = "<group>"; };
		A965AD3C1C373B0E004DF24F /* PDFDetailViewController.swift */ = {isa = PBXFileReference; fileEncoding = 4; lastKnownFileType = sourcecode.swift; path = PDFDetailViewController.swift; sourceTree = "<group>"; };
		A965AD3E1C373B83004DF24F /* ligne9.pdf */ = {isa = PBXFileReference; lastKnownFileType = image.pdf; path = ligne9.pdf; sourceTree = "<group>"; };
		A9779D741C1C627400A40E13 /* arretsVC.swift */ = {isa = PBXFileReference; fileEncoding = 4; lastKnownFileType = sourcecode.swift; path = arretsVC.swift; sourceTree = "<group>"; };
		A9779D831C1C7D3000A40E13 /* CenturyGothic.ttf */ = {isa = PBXFileReference; lastKnownFileType = file; path = CenturyGothic.ttf; sourceTree = "<group>"; };
		A9BFFB861C31C2A5005AD814 /* appBus-Bridging-Header.h */ = {isa = PBXFileReference; lastKnownFileType = sourcecode.c.h; path = "appBus-Bridging-Header.h"; sourceTree = "<group>"; };
		A9BFFB871C31C2A6005AD814 /* SWRevealViewController.h */ = {isa = PBXFileReference; fileEncoding = 4; lastKnownFileType = sourcecode.c.h; path = SWRevealViewController.h; sourceTree = "<group>"; };
		A9BFFB881C31C2A6005AD814 /* SWRevealViewController.m */ = {isa = PBXFileReference; fileEncoding = 4; lastKnownFileType = sourcecode.c.objc; path = SWRevealViewController.m; sourceTree = "<group>"; };
		A9DF678C1C3191860071D001 /* arretsTableVC.swift */ = {isa = PBXFileReference; fileEncoding = 4; lastKnownFileType = sourcecode.swift; path = arretsTableVC.swift; sourceTree = "<group>"; };
		A9F0204C1C38669900257D8E /* .gitignore */ = {isa = PBXFileReference; fileEncoding = 4; lastKnownFileType = text; path = .gitignore; sourceTree = "<group>"; };
		A9F623D51C19E3790018BA32 /* appBus.app */ = {isa = PBXFileReference; explicitFileType = wrapper.application; includeInIndex = 0; path = appBus.app; sourceTree = BUILT_PRODUCTS_DIR; };
		A9F623D81C19E3790018BA32 /* AppDelegate.swift */ = {isa = PBXFileReference; lastKnownFileType = sourcecode.swift; path = AppDelegate.swift; sourceTree = "<group>"; };
		A9F623DA1C19E3790018BA32 /* accueilVC.swift */ = {isa = PBXFileReference; lastKnownFileType = sourcecode.swift; path = accueilVC.swift; sourceTree = "<group>"; };
		A9F623DD1C19E3790018BA32 /* Base */ = {isa = PBXFileReference; lastKnownFileType = file.storyboard; name = Base; path = Base.lproj/Main.storyboard; sourceTree = "<group>"; };
		A9F623DF1C19E3790018BA32 /* Assets.xcassets */ = {isa = PBXFileReference; lastKnownFileType = folder.assetcatalog; path = Assets.xcassets; sourceTree = "<group>"; };
		A9F623E21C19E3790018BA32 /* Base */ = {isa = PBXFileReference; lastKnownFileType = file.storyboard; name = Base; path = Base.lproj/LaunchScreen.storyboard; sourceTree = "<group>"; };
		A9F623E41C19E3790018BA32 /* Info.plist */ = {isa = PBXFileReference; lastKnownFileType = text.plist.xml; path = Info.plist; sourceTree = "<group>"; };
		A9F624331C1A03790018BA32 /* BackTableVC.swift */ = {isa = PBXFileReference; fileEncoding = 4; lastKnownFileType = sourcecode.swift; path = BackTableVC.swift; sourceTree = "<group>"; };
		E03F8AFD1C3736EB0044BCDD /* enums.swift */ = {isa = PBXFileReference; fileEncoding = 4; lastKnownFileType = sourcecode.swift; path = enums.swift; sourceTree = "<group>"; };
		E0EAED101C31DD4000D80BFE /* IOAPI.swift */ = {isa = PBXFileReference; fileEncoding = 4; lastKnownFileType = sourcecode.swift; path = IOAPI.swift; sourceTree = "<group>"; };
		E0EAED121C31DF3900D80BFE /* structs.swift */ = {isa = PBXFileReference; fileEncoding = 4; lastKnownFileType = sourcecode.swift; path = structs.swift; sourceTree = "<group>"; };
		E0EAED141C31E3CA00D80BFE /* NetReader.swift */ = {isa = PBXFileReference; fileEncoding = 4; lastKnownFileType = sourcecode.swift; path = NetReader.swift; sourceTree = "<group>"; };
		E0EAED161C31E3DB00D80BFE /* JSONReader.swift */ = {isa = PBXFileReference; fileEncoding = 4; lastKnownFileType = sourcecode.swift; path = JSONReader.swift; sourceTree = "<group>"; };
		E0EAED181C31E68B00D80BFE /* antibes.json */ = {isa = PBXFileReference; fileEncoding = 4; lastKnownFileType = text.json; path = antibes.json; sourceTree = "<group>"; };
/* End PBXFileReference section */

/* Begin PBXFrameworksBuildPhase section */
		A9F623D21C19E3790018BA32 /* Frameworks */ = {
			isa = PBXFrameworksBuildPhase;
			buildActionMask = 2147483647;
			files = (
			);
			runOnlyForDeploymentPostprocessing = 0;
		};
/* End PBXFrameworksBuildPhase section */

/* Begin PBXGroup section */
		A965AD391C371954004DF24F /* PDF List */ = {
			isa = PBXGroup;
			children = (
				A965AD341C370A7F004DF24F /* PDFTableVC.swift */,
				A965AD3E1C373B83004DF24F /* ligne9.pdf */,
				A965AD3C1C373B0E004DF24F /* PDFDetailViewController.swift */,
			);
			name = "PDF List";
			sourceTree = "<group>";
		};
		A9F623CC1C19E3790018BA32 = {
			isa = PBXGroup;
			children = (
				A9F623D71C19E3790018BA32 /* appBus */,
				A9F623D61C19E3790018BA32 /* Products */,
			);
			sourceTree = "<group>";
		};
		A9F623D61C19E3790018BA32 /* Products */ = {
			isa = PBXGroup;
			children = (
				A9F623D51C19E3790018BA32 /* appBus.app */,
			);
			name = Products;
			sourceTree = "<group>";
		};
		A9F623D71C19E3790018BA32 /* appBus */ = {
			isa = PBXGroup;
			children = (
				E0EAED0E1C31DCD500D80BFE /* IOAPI */,
				A9F623D81C19E3790018BA32 /* AppDelegate.swift */,
				A965AD3A1C372F99004DF24F /* globalSettings.swift */,
				A9F623DA1C19E3790018BA32 /* accueilVC.swift */,
				A9779D741C1C627400A40E13 /* arretsVC.swift */,
				A965AD391C371954004DF24F /* PDF List */,
				A9DF678C1C3191860071D001 /* arretsTableVC.swift */,
				A9F624331C1A03790018BA32 /* BackTableVC.swift */,
				A9F623DC1C19E3790018BA32 /* Main.storyboard */,
				A9F623DF1C19E3790018BA32 /* Assets.xcassets */,
				A9F623E11C19E3790018BA32 /* LaunchScreen.storyboard */,
				A9F623E41C19E3790018BA32 /* Info.plist */,
				A9779D831C1C7D3000A40E13 /* CenturyGothic.ttf */,
				A9F624321C19FF6F0018BA32 /* Supporting Files */,
				A9F0204C1C38669900257D8E /* .gitignore */,
			);
			path = appBus;
			sourceTree = "<group>";
		};
		A9F624321C19FF6F0018BA32 /* Supporting Files */ = {
			isa = PBXGroup;
			children = (
				A9BFFB871C31C2A6005AD814 /* SWRevealViewController.h */,
				A9BFFB881C31C2A6005AD814 /* SWRevealViewController.m */,
				A9BFFB861C31C2A5005AD814 /* appBus-Bridging-Header.h */,
			);
			name = "Supporting Files";
			sourceTree = "<group>";
		};
		E0EAED0E1C31DCD500D80BFE /* IOAPI */ = {
			isa = PBXGroup;
			children = (
				E0EAED101C31DD4000D80BFE /* IOAPI.swift */,
				E0EAED121C31DF3900D80BFE /* structs.swift */,
				E0EAED141C31E3CA00D80BFE /* NetReader.swift */,
				E0EAED161C31E3DB00D80BFE /* JSONReader.swift */,
				E0EAED181C31E68B00D80BFE /* antibes.json */,
				E03F8AFD1C3736EB0044BCDD /* enums.swift */,
			);
			name = IOAPI;
			sourceTree = "<group>";
		};
/* End PBXGroup section */

/* Begin PBXNativeTarget section */
		A9F623D41C19E3790018BA32 /* appBus */ = {
			isa = PBXNativeTarget;
			buildConfigurationList = A9F623E71C19E3790018BA32 /* Build configuration list for PBXNativeTarget "appBus" */;
			buildPhases = (
				A9F623D11C19E3790018BA32 /* Sources */,
				A9F623D21C19E3790018BA32 /* Frameworks */,
				A9F623D31C19E3790018BA32 /* Resources */,
			);
			buildRules = (
			);
			dependencies = (
			);
			name = appBus;
			productName = "Interface First try";
			productReference = A9F623D51C19E3790018BA32 /* appBus.app */;
			productType = "com.apple.product-type.application";
		};
/* End PBXNativeTarget section */

/* Begin PBXProject section */
		A9F623CD1C19E3790018BA32 /* Project object */ = {
			isa = PBXProject;
			attributes = {
				LastSwiftUpdateCheck = 0720;
				LastUpgradeCheck = 0710;
				ORGANIZATIONNAME = "Guyllian Gomez";
				TargetAttributes = {
					A9F623D41C19E3790018BA32 = {
						CreatedOnToolsVersion = 7.1;
						DevelopmentTeam = QCQCJH73F3;
					};
				};
			};
			buildConfigurationList = A9F623D01C19E3790018BA32 /* Build configuration list for PBXProject "appBus" */;
			compatibilityVersion = "Xcode 3.2";
			developmentRegion = English;
			hasScannedForEncodings = 0;
			knownRegions = (
				en,
				Base,
			);
			mainGroup = A9F623CC1C19E3790018BA32;
			productRefGroup = A9F623D61C19E3790018BA32 /* Products */;
			projectDirPath = "";
			projectRoot = "";
			targets = (
				A9F623D41C19E3790018BA32 /* appBus */,
			);
		};
/* End PBXProject section */

/* Begin PBXResourcesBuildPhase section */
		A9F623D31C19E3790018BA32 /* Resources */ = {
			isa = PBXResourcesBuildPhase;
			buildActionMask = 2147483647;
			files = (
				A9779D851C1C7F5A00A40E13 /* CenturyGothic.ttf in Resources */,
				A9F0204D1C38669900257D8E /* .gitignore in Resources */,
				A9F623E31C19E3790018BA32 /* LaunchScreen.storyboard in Resources */,
				A9F623E01C19E3790018BA32 /* Assets.xcassets in Resources */,
				A965AD3F1C373B83004DF24F /* ligne9.pdf in Resources */,
				E0EAED191C31E68B00D80BFE /* antibes.json in Resources */,
				A9F623DE1C19E3790018BA32 /* Main.storyboard in Resources */,
			);
			runOnlyForDeploymentPostprocessing = 0;
		};
/* End PBXResourcesBuildPhase section */

/* Begin PBXSourcesBuildPhase section */
		A9F623D11C19E3790018BA32 /* Sources */ = {
			isa = PBXSourcesBuildPhase;
			buildActionMask = 2147483647;
			files = (
				E0EAED131C31DF3900D80BFE /* structs.swift in Sources */,
				A965AD3B1C372F99004DF24F /* globalSettings.swift in Sources */,
				A9BFFB781C31BD9A005AD814 /* AppDelegate.swift in Sources */,
				A965AD351C370A7F004DF24F /* PDFTableVC.swift in Sources */,
				A9BFFB791C31BD9A005AD814 /* accueilVC.swift in Sources */,
				E0EAED151C31E3CA00D80BFE /* NetReader.swift in Sources */,
				A9BFFB7A1C31BD9A005AD814 /* arretsVC.swift in Sources */,
				A9BFFB7B1C31BD9A005AD814 /* arretsTableVC.swift in Sources */,
				E0EAED171C31E3DB00D80BFE /* JSONReader.swift in Sources */,
				E0EAED111C31DD4000D80BFE /* IOAPI.swift in Sources */,
				A9BFFB7C1C31BD9A005AD814 /* BackTableVC.swift in Sources */,
				E03F8AFE1C3736EB0044BCDD /* enums.swift in Sources */,
				A9BFFB891C31C2A6005AD814 /* SWRevealViewController.m in Sources */,
				A965AD3D1C373B0E004DF24F /* PDFDetailViewController.swift in Sources */,
			);
			runOnlyForDeploymentPostprocessing = 0;
		};
/* End PBXSourcesBuildPhase section */

/* Begin PBXVariantGroup section */
		A9F623DC1C19E3790018BA32 /* Main.storyboard */ = {
			isa = PBXVariantGroup;
			children = (
				A9F623DD1C19E3790018BA32 /* Base */,
			);
			name = Main.storyboard;
			sourceTree = "<group>";
		};
		A9F623E11C19E3790018BA32 /* LaunchScreen.storyboard */ = {
			isa = PBXVariantGroup;
			children = (
				A9F623E21C19E3790018BA32 /* Base */,
			);
			name = LaunchScreen.storyboard;
			sourceTree = "<group>";
		};
/* End PBXVariantGroup section */

/* Begin XCBuildConfiguration section */
		A9F623E51C19E3790018BA32 /* Debug */ = {
			isa = XCBuildConfiguration;
			buildSettings = {
				ALWAYS_SEARCH_USER_PATHS = NO;
				CLANG_CXX_LANGUAGE_STANDARD = "gnu++0x";
				CLANG_CXX_LIBRARY = "libc++";
				CLANG_ENABLE_MODULES = YES;
				CLANG_ENABLE_OBJC_ARC = YES;
				CLANG_WARN_BOOL_CONVERSION = YES;
				CLANG_WARN_CONSTANT_CONVERSION = YES;
				CLANG_WARN_DIRECT_OBJC_ISA_USAGE = YES_ERROR;
				CLANG_WARN_EMPTY_BODY = YES;
				CLANG_WARN_ENUM_CONVERSION = YES;
				CLANG_WARN_INT_CONVERSION = YES;
				CLANG_WARN_OBJC_ROOT_CLASS = YES_ERROR;
				CLANG_WARN_UNREACHABLE_CODE = YES;
				CLANG_WARN__DUPLICATE_METHOD_MATCH = YES;
				"CODE_SIGN_IDENTITY[sdk=iphoneos*]" = "iPhone Developer";
				COPY_PHASE_STRIP = NO;
				DEBUG_INFORMATION_FORMAT = dwarf;
				ENABLE_STRICT_OBJC_MSGSEND = YES;
				ENABLE_TESTABILITY = YES;
				GCC_C_LANGUAGE_STANDARD = gnu99;
				GCC_DYNAMIC_NO_PIC = NO;
				GCC_NO_COMMON_BLOCKS = YES;
				GCC_OPTIMIZATION_LEVEL = 0;
				GCC_PREPROCESSOR_DEFINITIONS = (
					"DEBUG=1",
					"$(inherited)",
				);
				GCC_WARN_64_TO_32_BIT_CONVERSION = YES;
				GCC_WARN_ABOUT_RETURN_TYPE = YES_ERROR;
				GCC_WARN_UNDECLARED_SELECTOR = YES;
				GCC_WARN_UNINITIALIZED_AUTOS = YES_AGGRESSIVE;
				GCC_WARN_UNUSED_FUNCTION = YES;
				GCC_WARN_UNUSED_VARIABLE = YES;
				IPHONEOS_DEPLOYMENT_TARGET = 9.1;
				MTL_ENABLE_DEBUG_INFO = YES;
				ONLY_ACTIVE_ARCH = YES;
				SDKROOT = iphoneos;
				SWIFT_OPTIMIZATION_LEVEL = "-Onone";
				TARGETED_DEVICE_FAMILY = "1,2";
			};
			name = Debug;
		};
		A9F623E61C19E3790018BA32 /* Release */ = {
			isa = XCBuildConfiguration;
			buildSettings = {
				ALWAYS_SEARCH_USER_PATHS = NO;
				CLANG_CXX_LANGUAGE_STANDARD = "gnu++0x";
				CLANG_CXX_LIBRARY = "libc++";
				CLANG_ENABLE_MODULES = YES;
				CLANG_ENABLE_OBJC_ARC = YES;
				CLANG_WARN_BOOL_CONVERSION = YES;
				CLANG_WARN_CONSTANT_CONVERSION = YES;
				CLANG_WARN_DIRECT_OBJC_ISA_USAGE = YES_ERROR;
				CLANG_WARN_EMPTY_BODY = YES;
				CLANG_WARN_ENUM_CONVERSION = YES;
				CLANG_WARN_INT_CONVERSION = YES;
				CLANG_WARN_OBJC_ROOT_CLASS = YES_ERROR;
				CLANG_WARN_UNREACHABLE_CODE = YES;
				CLANG_WARN__DUPLICATE_METHOD_MATCH = YES;
				"CODE_SIGN_IDENTITY[sdk=iphoneos*]" = "iPhone Developer";
				COPY_PHASE_STRIP = NO;
				DEBUG_INFORMATION_FORMAT = "dwarf-with-dsym";
				ENABLE_NS_ASSERTIONS = NO;
				ENABLE_STRICT_OBJC_MSGSEND = YES;
				GCC_C_LANGUAGE_STANDARD = gnu99;
				GCC_NO_COMMON_BLOCKS = YES;
				GCC_WARN_64_TO_32_BIT_CONVERSION = YES;
				GCC_WARN_ABOUT_RETURN_TYPE = YES_ERROR;
				GCC_WARN_UNDECLARED_SELECTOR = YES;
				GCC_WARN_UNINITIALIZED_AUTOS = YES_AGGRESSIVE;
				GCC_WARN_UNUSED_FUNCTION = YES;
				GCC_WARN_UNUSED_VARIABLE = YES;
				IPHONEOS_DEPLOYMENT_TARGET = 9.1;
				MTL_ENABLE_DEBUG_INFO = NO;
				SDKROOT = iphoneos;
				TARGETED_DEVICE_FAMILY = "1,2";
				VALIDATE_PRODUCT = YES;
			};
			name = Release;
		};
		A9F623E81C19E3790018BA32 /* Debug */ = {
			isa = XCBuildConfiguration;
			buildSettings = {
				ASSETCATALOG_COMPILER_APPICON_NAME = AppIcon;
				ASSETCATALOG_COMPILER_LAUNCHIMAGE_NAME = "Brand Assets";
				CLANG_ENABLE_MODULES = YES;
				INFOPLIST_FILE = "$(SRCROOT)/appBus/Info.plist";
				IPHONEOS_DEPLOYMENT_TARGET = 9.2;
				LD_RUNPATH_SEARCH_PATHS = "$(inherited) @executable_path/Frameworks";
				PRODUCT_BUNDLE_IDENTIFIER = com.SparxCo.appBus;
				PRODUCT_NAME = appBus;
				SWIFT_OBJC_BRIDGING_HEADER = "appBus/appBus-Bridging-Header.h";
				SWIFT_OPTIMIZATION_LEVEL = "-Onone";
			};
			name = Debug;
		};
		A9F623E91C19E3790018BA32 /* Release */ = {
			isa = XCBuildConfiguration;
			buildSettings = {
				ASSETCATALOG_COMPILER_APPICON_NAME = AppIcon;
				ASSETCATALOG_COMPILER_LAUNCHIMAGE_NAME = "Brand Assets";
				CLANG_ENABLE_MODULES = YES;
				INFOPLIST_FILE = "$(SRCROOT)/appBus/Info.plist";
				IPHONEOS_DEPLOYMENT_TARGET = 9.2;
				LD_RUNPATH_SEARCH_PATHS = "$(inherited) @executable_path/Frameworks";
				PRODUCT_BUNDLE_IDENTIFIER = com.SparxCo.appBus;
				PRODUCT_NAME = appBus;
				SWIFT_OBJC_BRIDGING_HEADER = "appBus/appBus-Bridging-Header.h";
			};
			name = Release;
		};
/* End XCBuildConfiguration section */

/* Begin XCConfigurationList section */
		A9F623D01C19E3790018BA32 /* Build configuration list for PBXProject "appBus" */ = {
			isa = XCConfigurationList;
			buildConfigurations = (
				A9F623E51C19E3790018BA32 /* Debug */,
				A9F623E61C19E3790018BA32 /* Release */,
			);
			defaultConfigurationIsVisible = 0;
			defaultConfigurationName = Release;
		};
		A9F623E71C19E3790018BA32 /* Build configuration list for PBXNativeTarget "appBus" */ = {
			isa = XCConfigurationList;
			buildConfigurations = (
				A9F623E81C19E3790018BA32 /* Debug */,
				A9F623E91C19E3790018BA32 /* Release */,
			);
			defaultConfigurationIsVisible = 0;
			defaultConfigurationName = Release;
		};
/* End XCConfigurationList section */
	};
	rootObject = A9F623CD1C19E3790018BA32 /* Project object */;
}
